// !$*UTF8*$!
{
	archiveVersion = 1;
	classes = {
	};
	objectVersion = 56;
	objects = {

/* Begin PBXBuildFile section */
		A4061C9D2CFCDAF700F90514 /* PostSummaryView.swift in Sources */ = {isa = PBXBuildFile; fileRef = A4061C9C2CFCDAF700F90514 /* PostSummaryView.swift */; };
		A4061CA02CFE752600F90514 /* HomeHeaderView.swift in Sources */ = {isa = PBXBuildFile; fileRef = A4061C9F2CFE752600F90514 /* HomeHeaderView.swift */; };
		A4061CA32CFE764700F90514 /* PostView.swift in Sources */ = {isa = PBXBuildFile; fileRef = A4061CA22CFE764700F90514 /* PostView.swift */; };
		A4A6538B2CF134640024F399 /* TitorApp.swift in Sources */ = {isa = PBXBuildFile; fileRef = A4A6538A2CF134640024F399 /* TitorApp.swift */; };
		A4A6538D2CF134640024F399 /* ContentView.swift in Sources */ = {isa = PBXBuildFile; fileRef = A4A6538C2CF134640024F399 /* ContentView.swift */; };
		A4A6538F2CF134640024F399 /* Item.swift in Sources */ = {isa = PBXBuildFile; fileRef = A4A6538E2CF134640024F399 /* Item.swift */; };
		A4A653912CF134670024F399 /* Assets.xcassets in Resources */ = {isa = PBXBuildFile; fileRef = A4A653902CF134670024F399 /* Assets.xcassets */; };
		A4A653942CF134670024F399 /* Preview Assets.xcassets in Resources */ = {isa = PBXBuildFile; fileRef = A4A653932CF134670024F399 /* Preview Assets.xcassets */; };
		A4D2929B2CF4EDC5007F48BB /* HomeView.swift in Sources */ = {isa = PBXBuildFile; fileRef = A4D2929A2CF4EDC5007F48BB /* HomeView.swift */; };
		A4D2929D2CF4EDD8007F48BB /* HomeViewModel.swift in Sources */ = {isa = PBXBuildFile; fileRef = A4D2929C2CF4EDD8007F48BB /* HomeViewModel.swift */; };
		A4D292A32CF4FC75007F48BB /* SearchView.swift in Sources */ = {isa = PBXBuildFile; fileRef = A4D292A22CF4FC75007F48BB /* SearchView.swift */; };
		A4D292A62CF4FC8E007F48BB /* ProfileView.swift in Sources */ = {isa = PBXBuildFile; fileRef = A4D292A52CF4FC8E007F48BB /* ProfileView.swift */; };
		A4D292A92CF4FD69007F48BB /* Post.swift in Sources */ = {isa = PBXBuildFile; fileRef = A4D292A82CF4FD69007F48BB /* Post.swift */; };
		A4D292AB2CF4FD71007F48BB /* User.swift in Sources */ = {isa = PBXBuildFile; fileRef = A4D292AA2CF4FD71007F48BB /* User.swift */; };
		A4D292AE2CF52D5B007F48BB /* Category.swift in Sources */ = {isa = PBXBuildFile; fileRef = A4D292AD2CF52D5B007F48BB /* Category.swift */; };
		A4D292B02CF52DA4007F48BB /* Forum.swift in Sources */ = {isa = PBXBuildFile; fileRef = A4D292AF2CF52DA4007F48BB /* Forum.swift */; };
/* End PBXBuildFile section */

/* Begin PBXFileReference section */
		A4061C9C2CFCDAF700F90514 /* PostSummaryView.swift */ = {isa = PBXFileReference; lastKnownFileType = sourcecode.swift; path = PostSummaryView.swift; sourceTree = "<group>"; };
		A4061C9F2CFE752600F90514 /* HomeHeaderView.swift */ = {isa = PBXFileReference; lastKnownFileType = sourcecode.swift; path = HomeHeaderView.swift; sourceTree = "<group>"; };
		A4061CA22CFE764700F90514 /* PostView.swift */ = {isa = PBXFileReference; lastKnownFileType = sourcecode.swift; path = PostView.swift; sourceTree = "<group>"; };
		A4A653872CF134640024F399 /* Titor.app */ = {isa = PBXFileReference; explicitFileType = wrapper.application; includeInIndex = 0; path = Titor.app; sourceTree = BUILT_PRODUCTS_DIR; };
		A4A6538A2CF134640024F399 /* TitorApp.swift */ = {isa = PBXFileReference; lastKnownFileType = sourcecode.swift; path = TitorApp.swift; sourceTree = "<group>"; };
		A4A6538C2CF134640024F399 /* ContentView.swift */ = {isa = PBXFileReference; lastKnownFileType = sourcecode.swift; path = ContentView.swift; sourceTree = "<group>"; };
		A4A6538E2CF134640024F399 /* Item.swift */ = {isa = PBXFileReference; lastKnownFileType = sourcecode.swift; path = Item.swift; sourceTree = "<group>"; };
		A4A653902CF134670024F399 /* Assets.xcassets */ = {isa = PBXFileReference; lastKnownFileType = folder.assetcatalog; path = Assets.xcassets; sourceTree = "<group>"; };
		A4A653932CF134670024F399 /* Preview Assets.xcassets */ = {isa = PBXFileReference; lastKnownFileType = folder.assetcatalog; path = "Preview Assets.xcassets"; sourceTree = "<group>"; };
		A4D2929A2CF4EDC5007F48BB /* HomeView.swift */ = {isa = PBXFileReference; lastKnownFileType = sourcecode.swift; path = HomeView.swift; sourceTree = "<group>"; };
		A4D2929C2CF4EDD8007F48BB /* HomeViewModel.swift */ = {isa = PBXFileReference; lastKnownFileType = sourcecode.swift; path = HomeViewModel.swift; sourceTree = "<group>"; };
		A4D292A22CF4FC75007F48BB /* SearchView.swift */ = {isa = PBXFileReference; lastKnownFileType = sourcecode.swift; path = SearchView.swift; sourceTree = "<group>"; };
		A4D292A52CF4FC8E007F48BB /* ProfileView.swift */ = {isa = PBXFileReference; lastKnownFileType = sourcecode.swift; path = ProfileView.swift; sourceTree = "<group>"; };
		A4D292A82CF4FD69007F48BB /* Post.swift */ = {isa = PBXFileReference; lastKnownFileType = sourcecode.swift; path = Post.swift; sourceTree = "<group>"; };
		A4D292AA2CF4FD71007F48BB /* User.swift */ = {isa = PBXFileReference; lastKnownFileType = sourcecode.swift; path = User.swift; sourceTree = "<group>"; };
		A4D292AD2CF52D5B007F48BB /* Category.swift */ = {isa = PBXFileReference; lastKnownFileType = sourcecode.swift; path = Category.swift; sourceTree = "<group>"; };
		A4D292AF2CF52DA4007F48BB /* Forum.swift */ = {isa = PBXFileReference; lastKnownFileType = sourcecode.swift; path = Forum.swift; sourceTree = "<group>"; };
/* End PBXFileReference section */

/* Begin PBXFrameworksBuildPhase section */
		A4A653842CF134640024F399 /* Frameworks */ = {
			isa = PBXFrameworksBuildPhase;
			buildActionMask = 2147483647;
			files = (
			);
			runOnlyForDeploymentPostprocessing = 0;
		};
/* End PBXFrameworksBuildPhase section */

/* Begin PBXGroup section */
		A4061C9B2CFCD9B700F90514 /* PostSummary */ = {
			isa = PBXGroup;
			children = (
				A4061C9C2CFCDAF700F90514 /* PostSummaryView.swift */,
			);
			path = PostSummary;
			sourceTree = "<group>";
		};
		A4061C9E2CFE751200F90514 /* HomeHeader */ = {
			isa = PBXGroup;
			children = (
				A4061C9F2CFE752600F90514 /* HomeHeaderView.swift */,
			);
			path = HomeHeader;
			sourceTree = "<group>";
		};
		A4061CA12CFE763900F90514 /* Post */ = {
			isa = PBXGroup;
			children = (
				A4061CA22CFE764700F90514 /* PostView.swift */,
			);
			path = Post;
			sourceTree = "<group>";
		};
		A4A6537E2CF134630024F399 = {
			isa = PBXGroup;
			children = (
				A4A653892CF134640024F399 /* Titor */,
				A4A653882CF134640024F399 /* Products */,
			);
			sourceTree = "<group>";
		};
		A4A653882CF134640024F399 /* Products */ = {
			isa = PBXGroup;
			children = (
				A4A653872CF134640024F399 /* Titor.app */,
			);
			name = Products;
			sourceTree = "<group>";
		};
		A4A653892CF134640024F399 /* Titor */ = {
			isa = PBXGroup;
			children = (
				A4D292982CF4ED6D007F48BB /* Data */,
				A4D292972CF4ED66007F48BB /* Domain */,
				A4D292962CF4ED5F007F48BB /* Presentation */,
				A4A6538A2CF134640024F399 /* TitorApp.swift */,
				A4A6538C2CF134640024F399 /* ContentView.swift */,
				A4A6538E2CF134640024F399 /* Item.swift */,
				A4A653902CF134670024F399 /* Assets.xcassets */,
				A4A653922CF134670024F399 /* Preview Content */,
			);
			path = Titor;
			sourceTree = "<group>";
		};
		A4A653922CF134670024F399 /* Preview Content */ = {
			isa = PBXGroup;
			children = (
				A4A653932CF134670024F399 /* Preview Assets.xcassets */,
			);
			path = "Preview Content";
			sourceTree = "<group>";
		};
		A4D292962CF4ED5F007F48BB /* Presentation */ = {
			isa = PBXGroup;
			children = (
				A4061CA12CFE763900F90514 /* Post */,
				A4D292A42CF4FC86007F48BB /* Profile */,
				A4D2929F2CF4FC5C007F48BB /* Search */,
				A4D2929E2CF4FBB2007F48BB /* CommonSection */,
				A4D292992CF4ED84007F48BB /* Home */,
			);
			path = Presentation;
			sourceTree = "<group>";
		};
		A4D292972CF4ED66007F48BB /* Domain */ = {
			isa = PBXGroup;
			children = (
				A4D292A72CF4FD42007F48BB /* Models */,
			);
			path = Domain;
			sourceTree = "<group>";
		};
		A4D292982CF4ED6D007F48BB /* Data */ = {
			isa = PBXGroup;
			children = (
			);
			path = Data;
			sourceTree = "<group>";
		};
		A4D292992CF4ED84007F48BB /* Home */ = {
			isa = PBXGroup;
			children = (
				A4D292B12CF539F7007F48BB /* Sections */,
				A4D2929A2CF4EDC5007F48BB /* HomeView.swift */,
				A4D2929C2CF4EDD8007F48BB /* HomeViewModel.swift */,
			);
			path = Home;
			sourceTree = "<group>";
		};
		A4D2929E2CF4FBB2007F48BB /* CommonSection */ = {
			isa = PBXGroup;
			children = (
				A4061C9B2CFCD9B700F90514 /* PostSummary */,
			);
			path = CommonSection;
			sourceTree = "<group>";
		};
		A4D2929F2CF4FC5C007F48BB /* Search */ = {
			isa = PBXGroup;
			children = (
				A4D292A22CF4FC75007F48BB /* SearchView.swift */,
			);
			path = Search;
			sourceTree = "<group>";
		};
		A4D292A42CF4FC86007F48BB /* Profile */ = {
			isa = PBXGroup;
			children = (
				A4D292A52CF4FC8E007F48BB /* ProfileView.swift */,
			);
			path = Profile;
			sourceTree = "<group>";
		};
		A4D292A72CF4FD42007F48BB /* Models */ = {
			isa = PBXGroup;
			children = (
				A4D292A82CF4FD69007F48BB /* Post.swift */,
				A4D292AA2CF4FD71007F48BB /* User.swift */,
				A4D292AD2CF52D5B007F48BB /* Category.swift */,
				A4D292AF2CF52DA4007F48BB /* Forum.swift */,
			);
			path = Models;
			sourceTree = "<group>";
		};
		A4D292B12CF539F7007F48BB /* Sections */ = {
			isa = PBXGroup;
			children = (
				A4061C9E2CFE751200F90514 /* HomeHeader */,
			);
			path = Sections;
			sourceTree = "<group>";
		};
/* End PBXGroup section */

/* Begin PBXNativeTarget section */
		A4A653862CF134640024F399 /* Titor */ = {
			isa = PBXNativeTarget;
			buildConfigurationList = A4A653972CF134670024F399 /* Build configuration list for PBXNativeTarget "Titor" */;
			buildPhases = (
				A4A653832CF134640024F399 /* Sources */,
				A4A653842CF134640024F399 /* Frameworks */,
				A4A653852CF134640024F399 /* Resources */,
			);
			buildRules = (
			);
			dependencies = (
			);
			name = Titor;
			productName = Titor;
			productReference = A4A653872CF134640024F399 /* Titor.app */;
			productType = "com.apple.product-type.application";
		};
/* End PBXNativeTarget section */

/* Begin PBXProject section */
		A4A6537F2CF134630024F399 /* Project object */ = {
			isa = PBXProject;
			attributes = {
				BuildIndependentTargetsInParallel = 1;
				LastSwiftUpdateCheck = 1520;
				LastUpgradeCheck = 1520;
				TargetAttributes = {
					A4A653862CF134640024F399 = {
						CreatedOnToolsVersion = 15.2;
					};
				};
			};
			buildConfigurationList = A4A653822CF134630024F399 /* Build configuration list for PBXProject "Titor" */;
			compatibilityVersion = "Xcode 14.0";
			developmentRegion = en;
			hasScannedForEncodings = 0;
			knownRegions = (
				en,
				Base,
			);
			mainGroup = A4A6537E2CF134630024F399;
			productRefGroup = A4A653882CF134640024F399 /* Products */;
			projectDirPath = "";
			projectRoot = "";
			targets = (
				A4A653862CF134640024F399 /* Titor */,
			);
		};
/* End PBXProject section */

/* Begin PBXResourcesBuildPhase section */
		A4A653852CF134640024F399 /* Resources */ = {
			isa = PBXResourcesBuildPhase;
			buildActionMask = 2147483647;
			files = (
				A4A653942CF134670024F399 /* Preview Assets.xcassets in Resources */,
				A4A653912CF134670024F399 /* Assets.xcassets in Resources */,
			);
			runOnlyForDeploymentPostprocessing = 0;
		};
/* End PBXResourcesBuildPhase section */

/* Begin PBXSourcesBuildPhase section */
		A4A653832CF134640024F399 /* Sources */ = {
			isa = PBXSourcesBuildPhase;
			buildActionMask = 2147483647;
			files = (
				A4061CA32CFE764700F90514 /* PostView.swift in Sources */,
				A4A6538D2CF134640024F399 /* ContentView.swift in Sources */,
				A4D292AE2CF52D5B007F48BB /* Category.swift in Sources */,
				A4061CA02CFE752600F90514 /* HomeHeaderView.swift in Sources */,
				A4D2929B2CF4EDC5007F48BB /* HomeView.swift in Sources */,
				A4A6538F2CF134640024F399 /* Item.swift in Sources */,
				A4D292A92CF4FD69007F48BB /* Post.swift in Sources */,
				A4D292A62CF4FC8E007F48BB /* ProfileView.swift in Sources */,
				A4D292AB2CF4FD71007F48BB /* User.swift in Sources */,
				A4D2929D2CF4EDD8007F48BB /* HomeViewModel.swift in Sources */,
				A4D292A32CF4FC75007F48BB /* SearchView.swift in Sources */,
				A4A6538B2CF134640024F399 /* TitorApp.swift in Sources */,
				A4D292B02CF52DA4007F48BB /* Forum.swift in Sources */,
				A4061C9D2CFCDAF700F90514 /* PostSummaryView.swift in Sources */,
			);
			runOnlyForDeploymentPostprocessing = 0;
		};
/* End PBXSourcesBuildPhase section */

/* Begin XCBuildConfiguration section */
		A4A653952CF134670024F399 /* Debug */ = {
			isa = XCBuildConfiguration;
			buildSettings = {
				ALWAYS_SEARCH_USER_PATHS = NO;
				ASSETCATALOG_COMPILER_GENERATE_SWIFT_ASSET_SYMBOL_EXTENSIONS = YES;
				CLANG_ANALYZER_NONNULL = YES;
				CLANG_ANALYZER_NUMBER_OBJECT_CONVERSION = YES_AGGRESSIVE;
				CLANG_CXX_LANGUAGE_STANDARD = "gnu++20";
				CLANG_ENABLE_MODULES = YES;
				CLANG_ENABLE_OBJC_ARC = YES;
				CLANG_ENABLE_OBJC_WEAK = YES;
				CLANG_WARN_BLOCK_CAPTURE_AUTORELEASING = YES;
				CLANG_WARN_BOOL_CONVERSION = YES;
				CLANG_WARN_COMMA = YES;
				CLANG_WARN_CONSTANT_CONVERSION = YES;
				CLANG_WARN_DEPRECATED_OBJC_IMPLEMENTATIONS = YES;
				CLANG_WARN_DIRECT_OBJC_ISA_USAGE = YES_ERROR;
				CLANG_WARN_DOCUMENTATION_COMMENTS = YES;
				CLANG_WARN_EMPTY_BODY = YES;
				CLANG_WARN_ENUM_CONVERSION = YES;
				CLANG_WARN_INFINITE_RECURSION = YES;
				CLANG_WARN_INT_CONVERSION = YES;
				CLANG_WARN_NON_LITERAL_NULL_CONVERSION = YES;
				CLANG_WARN_OBJC_IMPLICIT_RETAIN_SELF = YES;
				CLANG_WARN_OBJC_LITERAL_CONVERSION = YES;
				CLANG_WARN_OBJC_ROOT_CLASS = YES_ERROR;
				CLANG_WARN_QUOTED_INCLUDE_IN_FRAMEWORK_HEADER = YES;
				CLANG_WARN_RANGE_LOOP_ANALYSIS = YES;
				CLANG_WARN_STRICT_PROTOTYPES = YES;
				CLANG_WARN_SUSPICIOUS_MOVE = YES;
				CLANG_WARN_UNGUARDED_AVAILABILITY = YES_AGGRESSIVE;
				CLANG_WARN_UNREACHABLE_CODE = YES;
				CLANG_WARN__DUPLICATE_METHOD_MATCH = YES;
				COPY_PHASE_STRIP = NO;
				DEBUG_INFORMATION_FORMAT = dwarf;
				ENABLE_STRICT_OBJC_MSGSEND = YES;
				ENABLE_TESTABILITY = YES;
				ENABLE_USER_SCRIPT_SANDBOXING = YES;
				GCC_C_LANGUAGE_STANDARD = gnu17;
				GCC_DYNAMIC_NO_PIC = NO;
				GCC_NO_COMMON_BLOCKS = YES;
				GCC_OPTIMIZATION_LEVEL = 0;
				GCC_PREPROCESSOR_DEFINITIONS = (
					"DEBUG=1",
					"$(inherited)",
				);
				GCC_WARN_64_TO_32_BIT_CONVERSION = YES;
				GCC_WARN_ABOUT_RETURN_TYPE = YES_ERROR;
				GCC_WARN_UNDECLARED_SELECTOR = YES;
				GCC_WARN_UNINITIALIZED_AUTOS = YES_AGGRESSIVE;
				GCC_WARN_UNUSED_FUNCTION = YES;
				GCC_WARN_UNUSED_VARIABLE = YES;
				IPHONEOS_DEPLOYMENT_TARGET = 17.2;
				LOCALIZATION_PREFERS_STRING_CATALOGS = YES;
				MTL_ENABLE_DEBUG_INFO = INCLUDE_SOURCE;
				MTL_FAST_MATH = YES;
				ONLY_ACTIVE_ARCH = YES;
				SDKROOT = iphoneos;
				SWIFT_ACTIVE_COMPILATION_CONDITIONS = "DEBUG $(inherited)";
				SWIFT_OPTIMIZATION_LEVEL = "-Onone";
			};
			name = Debug;
		};
		A4A653962CF134670024F399 /* Release */ = {
			isa = XCBuildConfiguration;
			buildSettings = {
				ALWAYS_SEARCH_USER_PATHS = NO;
				ASSETCATALOG_COMPILER_GENERATE_SWIFT_ASSET_SYMBOL_EXTENSIONS = YES;
				CLANG_ANALYZER_NONNULL = YES;
				CLANG_ANALYZER_NUMBER_OBJECT_CONVERSION = YES_AGGRESSIVE;
				CLANG_CXX_LANGUAGE_STANDARD = "gnu++20";
				CLANG_ENABLE_MODULES = YES;
				CLANG_ENABLE_OBJC_ARC = YES;
				CLANG_ENABLE_OBJC_WEAK = YES;
				CLANG_WARN_BLOCK_CAPTURE_AUTORELEASING = YES;
				CLANG_WARN_BOOL_CONVERSION = YES;
				CLANG_WARN_COMMA = YES;
				CLANG_WARN_CONSTANT_CONVERSION = YES;
				CLANG_WARN_DEPRECATED_OBJC_IMPLEMENTATIONS = YES;
				CLANG_WARN_DIRECT_OBJC_ISA_USAGE = YES_ERROR;
				CLANG_WARN_DOCUMENTATION_COMMENTS = YES;
				CLANG_WARN_EMPTY_BODY = YES;
				CLANG_WARN_ENUM_CONVERSION = YES;
				CLANG_WARN_INFINITE_RECURSION = YES;
				CLANG_WARN_INT_CONVERSION = YES;
				CLANG_WARN_NON_LITERAL_NULL_CONVERSION = YES;
				CLANG_WARN_OBJC_IMPLICIT_RETAIN_SELF = YES;
				CLANG_WARN_OBJC_LITERAL_CONVERSION = YES;
				CLANG_WARN_OBJC_ROOT_CLASS = YES_ERROR;
				CLANG_WARN_QUOTED_INCLUDE_IN_FRAMEWORK_HEADER = YES;
				CLANG_WARN_RANGE_LOOP_ANALYSIS = YES;
				CLANG_WARN_STRICT_PROTOTYPES = YES;
				CLANG_WARN_SUSPICIOUS_MOVE = YES;
				CLANG_WARN_UNGUARDED_AVAILABILITY = YES_AGGRESSIVE;
				CLANG_WARN_UNREACHABLE_CODE = YES;
				CLANG_WARN__DUPLICATE_METHOD_MATCH = YES;
				COPY_PHASE_STRIP = NO;
				DEBUG_INFORMATION_FORMAT = "dwarf-with-dsym";
				ENABLE_NS_ASSERTIONS = NO;
				ENABLE_STRICT_OBJC_MSGSEND = YES;
				ENABLE_USER_SCRIPT_SANDBOXING = YES;
				GCC_C_LANGUAGE_STANDARD = gnu17;
				GCC_NO_COMMON_BLOCKS = YES;
				GCC_WARN_64_TO_32_BIT_CONVERSION = YES;
				GCC_WARN_ABOUT_RETURN_TYPE = YES_ERROR;
				GCC_WARN_UNDECLARED_SELECTOR = YES;
				GCC_WARN_UNINITIALIZED_AUTOS = YES_AGGRESSIVE;
				GCC_WARN_UNUSED_FUNCTION = YES;
				GCC_WARN_UNUSED_VARIABLE = YES;
				IPHONEOS_DEPLOYMENT_TARGET = 17.2;
				LOCALIZATION_PREFERS_STRING_CATALOGS = YES;
				MTL_ENABLE_DEBUG_INFO = NO;
				MTL_FAST_MATH = YES;
				SDKROOT = iphoneos;
				SWIFT_COMPILATION_MODE = wholemodule;
				VALIDATE_PRODUCT = YES;
			};
			name = Release;
		};
		A4A653982CF134670024F399 /* Debug */ = {
			isa = XCBuildConfiguration;
			buildSettings = {
				ASSETCATALOG_COMPILER_APPICON_NAME = AppIcon;
				ASSETCATALOG_COMPILER_GLOBAL_ACCENT_COLOR_NAME = AccentColor;
				CODE_SIGN_STYLE = Automatic;
				CURRENT_PROJECT_VERSION = 1;
				DEVELOPMENT_ASSET_PATHS = "\"Titor/Preview Content\"";
				DEVELOPMENT_TEAM = T73532284R;
				ENABLE_PREVIEWS = YES;
				GENERATE_INFOPLIST_FILE = YES;
				INFOPLIST_KEY_UIApplicationSceneManifest_Generation = YES;
				INFOPLIST_KEY_UIApplicationSupportsIndirectInputEvents = YES;
				INFOPLIST_KEY_UILaunchScreen_Generation = YES;
				INFOPLIST_KEY_UISupportedInterfaceOrientations_iPad = "UIInterfaceOrientationPortrait UIInterfaceOrientationPortraitUpsideDown UIInterfaceOrientationLandscapeLeft UIInterfaceOrientationLandscapeRight";
				INFOPLIST_KEY_UISupportedInterfaceOrientations_iPhone = "UIInterfaceOrientationPortrait UIInterfaceOrientationLandscapeLeft UIInterfaceOrientationLandscapeRight";
				IPHONEOS_DEPLOYMENT_TARGET = 17.0;
				LD_RUNPATH_SEARCH_PATHS = (
					"$(inherited)",
					"@executable_path/Frameworks",
				);
				MARKETING_VERSION = 1.0;
				PRODUCT_BUNDLE_IDENTIFIER = trimer.vitor.Titor;
				PRODUCT_NAME = "$(TARGET_NAME)";
				SUPPORTED_PLATFORMS = "iphoneos iphonesimulator";
				SUPPORTS_MACCATALYST = NO;
				SUPPORTS_XR_DESIGNED_FOR_IPHONE_IPAD = NO;
				SWIFT_EMIT_LOC_STRINGS = YES;
				SWIFT_VERSION = 5.0;
				TARGETED_DEVICE_FAMILY = "1,2";
			};
			name = Debug;
		};
		A4A653992CF134670024F399 /* Release */ = {
			isa = XCBuildConfiguration;
			buildSettings = {
				ASSETCATALOG_COMPILER_APPICON_NAME = AppIcon;
				ASSETCATALOG_COMPILER_GLOBAL_ACCENT_COLOR_NAME = AccentColor;
				CODE_SIGN_STYLE = Automatic;
				CURRENT_PROJECT_VERSION = 1;
				DEVELOPMENT_ASSET_PATHS = "\"Titor/Preview Content\"";
				DEVELOPMENT_TEAM = T73532284R;
				ENABLE_PREVIEWS = YES;
				GENERATE_INFOPLIST_FILE = YES;
				INFOPLIST_KEY_UIApplicationSceneManifest_Generation = YES;
				INFOPLIST_KEY_UIApplicationSupportsIndirectInputEvents = YES;
				INFOPLIST_KEY_UILaunchScreen_Generation = YES;
				INFOPLIST_KEY_UISupportedInterfaceOrientations_iPad = "UIInterfaceOrientationPortrait UIInterfaceOrientationPortraitUpsideDown UIInterfaceOrientationLandscapeLeft UIInterfaceOrientationLandscapeRight";
				INFOPLIST_KEY_UISupportedInterfaceOrientations_iPhone = "UIInterfaceOrientationPortrait UIInterfaceOrientationLandscapeLeft UIInterfaceOrientationLandscapeRight";
				IPHONEOS_DEPLOYMENT_TARGET = 17.0;
				LD_RUNPATH_SEARCH_PATHS = (
					"$(inherited)",
					"@executable_path/Frameworks",
				);
				MARKETING_VERSION = 1.0;
				PRODUCT_BUNDLE_IDENTIFIER = trimer.vitor.Titor;
				PRODUCT_NAME = "$(TARGET_NAME)";
				SUPPORTED_PLATFORMS = "iphoneos iphonesimulator";
				SUPPORTS_MACCATALYST = NO;
				SUPPORTS_XR_DESIGNED_FOR_IPHONE_IPAD = NO;
				SWIFT_EMIT_LOC_STRINGS = YES;
				SWIFT_VERSION = 5.0;
				TARGETED_DEVICE_FAMILY = "1,2";
			};
			name = Release;
		};
/* End XCBuildConfiguration section */

/* Begin XCConfigurationList section */
		A4A653822CF134630024F399 /* Build configuration list for PBXProject "Titor" */ = {
			isa = XCConfigurationList;
			buildConfigurations = (
				A4A653952CF134670024F399 /* Debug */,
				A4A653962CF134670024F399 /* Release */,
			);
			defaultConfigurationIsVisible = 0;
			defaultConfigurationName = Release;
		};
		A4A653972CF134670024F399 /* Build configuration list for PBXNativeTarget "Titor" */ = {
			isa = XCConfigurationList;
			buildConfigurations = (
				A4A653982CF134670024F399 /* Debug */,
				A4A653992CF134670024F399 /* Release */,
			);
			defaultConfigurationIsVisible = 0;
			defaultConfigurationName = Release;
		};
/* End XCConfigurationList section */
	};
	rootObject = A4A6537F2CF134630024F399 /* Project object */;
}
